# This file is automatically @generated by Cargo.
# It is not intended for manual editing.
version = 4

[[package]]
name = "format_no_std"
version = "1.2.0"
source = "registry+https://github.com/rust-lang/crates.io-index"
checksum = "9ae45e32b0bfe2c62c805f8e87027b5aa08562000326edbc5b421ab6d92873a7"

[[package]]
name = "lib-boards"
version = "0.1.0"
dependencies = [
 "lib-registers",
]

[[package]]
name = "lib-peripherals"
version = "0.1.0"
dependencies = [
 "lib-boards",
]

[[package]]
name = "lib-registers"
version = "0.1.0"

[[package]]
name = "toolchains-avr"
version = "0.1.0"
dependencies = [
 "format_no_std",
 "lib-boards",
 "lib-peripherals",
]
