# This file is automatically @generated by Cargo.
# It is not intended for manual editing.
version = 4

[[package]]
name = "lib-boards"
version = "0.1.0"
dependencies = [
 "lib-registers",
]

[[package]]
name = "lib-registers"
version = "0.1.0"

[[package]]
name = "toolchains-aarch64-none"
version = "0.1.0"
dependencies = [
 "lib-boards",
]
